
Microsoft Visual Studio Solution File, Format Version 12.00
# Visual Studio 15
VisualStudioVersion = 15.0.28307.539
MinimumVisualStudioVersion = 10.0.40219.1
Project("{9A19103F-16F7-4668-BE54-9A1E7A4F7556}") = "LINQ in manhattan", "LINQ in manhattan\LINQ in manhattan.csproj", "{9E302A94-B3A2-4204-A5E2-AC01E4377097}"
EndProject
Project("{FAE04EC0-301F-11D3-BF4B-00C04F79EFBC}") = "XUnitTestProject1", "XUnitTestProject1\XUnitTestProject1.csproj", "{91276A1E-D044-4E76-A308-7AA8C2128F85}"
EndProject
Global
	GlobalSection(SolutionConfigurationPlatforms) = preSolution
		Debug|Any CPU = Debug|Any CPU
		Release|Any CPU = Release|Any CPU
	EndGlobalSection
	GlobalSection(ProjectConfigurationPlatforms) = postSolution
		{9E302A94-B3A2-4204-A5E2-AC01E4377097}.Debug|Any CPU.ActiveCfg = Debug|Any CPU
		{9E302A94-B3A2-4204-A5E2-AC01E4377097}.Debug|Any CPU.Build.0 = Debug|Any CPU
		{9E302A94-B3A2-4204-A5E2-AC01E4377097}.Release|Any CPU.ActiveCfg = Release|Any CPU
		{9E302A94-B3A2-4204-A5E2-AC01E4377097}.Release|Any CPU.Build.0 = Release|Any CPU
		{91276A1E-D044-4E76-A308-7AA8C2128F85}.Debug|Any CPU.ActiveCfg = Debug|Any CPU
		{91276A1E-D044-4E76-A308-7AA8C2128F85}.Debug|Any CPU.Build.0 = Debug|Any CPU
		{91276A1E-D044-4E76-A308-7AA8C2128F85}.Release|Any CPU.ActiveCfg = Release|Any CPU
		{91276A1E-D044-4E76-A308-7AA8C2128F85}.Release|Any CPU.Build.0 = Release|Any CPU
	EndGlobalSection
	GlobalSection(SolutionProperties) = preSolution
		HideSolutionNode = FALSE
	EndGlobalSection
	GlobalSection(ExtensibilityGlobals) = postSolution
		SolutionGuid = {800EC73B-2197-4FD6-80D4-EC757C03041E}
	EndGlobalSection
EndGlobal
